# This file is automatically @generated by Wally.
# It is not intended for manual editing.
registry = "test"

[[package]]
name = "murimascent/murimascent"
version = "0.1.0"
dependencies = [["LemonSignal", "data-oriented-house/lemonsignal@2.0.0"]]

[[package]]
name = "data-oriented-house/lemonsignal"
version = "2.0.0"
dependencies = []
